
Microsoft Visual Studio Solution File, Format Version 12.00
# Visual Studio Version 16
VisualStudioVersion = 16.0.29509.3
MinimumVisualStudioVersion = 10.0.40219.1
Project("{FAE04EC0-301F-11D3-BF4B-00C04F79EFBC}") = "XFImageResourceMgmtDemo.Android", "XFImageResourceMgmtDemo\XFImageResourceMgmtDemo.Android\XFImageResourceMgmtDemo.Android.csproj", "{6CA2DCDC-D93D-40DD-A294-2A49A3AF1E14}"
EndProject
Project("{FAE04EC0-301F-11D3-BF4B-00C04F79EFBC}") = "XFImageResourceMgmtDemo.iOS", "XFImageResourceMgmtDemo\XFImageResourceMgmtDemo.iOS\XFImageResourceMgmtDemo.iOS.csproj", "{E32BA39A-B151-4DCD-988C-63D217764CA4}"
EndProject
Project("{FAE04EC0-301F-11D3-BF4B-00C04F79EFBC}") = "XFImageResourceMgmtDemo", "XFImageResourceMgmtDemo\XFImageResourceMgmtDemo\XFImageResourceMgmtDemo.csproj", "{4C8F8B3C-992A-4D0F-89D5-FD8C242467AE}"
EndProject
Global
	GlobalSection(SolutionConfigurationPlatforms) = preSolution
		Debug|Any CPU = Debug|Any CPU
		Debug|iPhone = Debug|iPhone
		Debug|iPhoneSimulator = Debug|iPhoneSimulator
		Release|Any CPU = Release|Any CPU
		Release|iPhone = Release|iPhone
		Release|iPhoneSimulator = Release|iPhoneSimulator
	EndGlobalSection
	GlobalSection(ProjectConfigurationPlatforms) = postSolution
		{6CA2DCDC-D93D-40DD-A294-2A49A3AF1E14}.Debug|Any CPU.ActiveCfg = Debug|Any CPU
		{6CA2DCDC-D93D-40DD-A294-2A49A3AF1E14}.Debug|Any CPU.Build.0 = Debug|Any CPU
		{6CA2DCDC-D93D-40DD-A294-2A49A3AF1E14}.Debug|Any CPU.Deploy.0 = Debug|Any CPU
		{6CA2DCDC-D93D-40DD-A294-2A49A3AF1E14}.Debug|iPhone.ActiveCfg = Debug|Any CPU
		{6CA2DCDC-D93D-40DD-A294-2A49A3AF1E14}.Debug|iPhone.Build.0 = Debug|Any CPU
		{6CA2DCDC-D93D-40DD-A294-2A49A3AF1E14}.Debug|iPhone.Deploy.0 = Debug|Any CPU
		{6CA2DCDC-D93D-40DD-A294-2A49A3AF1E14}.Debug|iPhoneSimulator.ActiveCfg = Debug|Any CPU
		{6CA2DCDC-D93D-40DD-A294-2A49A3AF1E14}.Debug|iPhoneSimulator.Build.0 = Debug|Any CPU
		{6CA2DCDC-D93D-40DD-A294-2A49A3AF1E14}.Debug|iPhoneSimulator.Deploy.0 = Debug|Any CPU
		{6CA2DCDC-D93D-40DD-A294-2A49A3AF1E14}.Release|Any CPU.ActiveCfg = Release|Any CPU
		{6CA2DCDC-D93D-40DD-A294-2A49A3AF1E14}.Release|Any CPU.Build.0 = Release|Any CPU
		{6CA2DCDC-D93D-40DD-A294-2A49A3AF1E14}.Release|Any CPU.Deploy.0 = Release|Any CPU
		{6CA2DCDC-D93D-40DD-A294-2A49A3AF1E14}.Release|iPhone.ActiveCfg = Release|Any CPU
		{6CA2DCDC-D93D-40DD-A294-2A49A3AF1E14}.Release|iPhone.Build.0 = Release|Any CPU
		{6CA2DCDC-D93D-40DD-A294-2A49A3AF1E14}.Release|iPhone.Deploy.0 = Release|Any CPU
		{6CA2DCDC-D93D-40DD-A294-2A49A3AF1E14}.Release|iPhoneSimulator.ActiveCfg = Release|Any CPU
		{6CA2DCDC-D93D-40DD-A294-2A49A3AF1E14}.Release|iPhoneSimulator.Build.0 = Release|Any CPU
		{6CA2DCDC-D93D-40DD-A294-2A49A3AF1E14}.Release|iPhoneSimulator.Deploy.0 = Release|Any CPU
		{E32BA39A-B151-4DCD-988C-63D217764CA4}.Debug|Any CPU.ActiveCfg = Debug|iPhoneSimulator
		{E32BA39A-B151-4DCD-988C-63D217764CA4}.Debug|Any CPU.Build.0 = Debug|iPhoneSimulator
		{E32BA39A-B151-4DCD-988C-63D217764CA4}.Debug|Any CPU.Deploy.0 = Debug|iPhoneSimulator
		{E32BA39A-B151-4DCD-988C-63D217764CA4}.Debug|iPhone.ActiveCfg = Debug|iPhone
		{E32BA39A-B151-4DCD-988C-63D217764CA4}.Debug|iPhone.Build.0 = Debug|iPhone
		{E32BA39A-B151-4DCD-988C-63D217764CA4}.Debug|iPhone.Deploy.0 = Debug|iPhone
		{E32BA39A-B151-4DCD-988C-63D217764CA4}.Debug|iPhoneSimulator.ActiveCfg = Debug|iPhoneSimulator
		{E32BA39A-B151-4DCD-988C-63D217764CA4}.Debug|iPhoneSimulator.Build.0 = Debug|iPhoneSimulator
		{E32BA39A-B151-4DCD-988C-63D217764CA4}.Debug|iPhoneSimulator.Deploy.0 = Debug|iPhoneSimulator
		{E32BA39A-B151-4DCD-988C-63D217764CA4}.Release|Any CPU.ActiveCfg = Release|iPhone
		{E32BA39A-B151-4DCD-988C-63D217764CA4}.Release|Any CPU.Build.0 = Release|iPhone
		{E32BA39A-B151-4DCD-988C-63D217764CA4}.Release|Any CPU.Deploy.0 = Release|iPhone
		{E32BA39A-B151-4DCD-988C-63D217764CA4}.Release|iPhone.ActiveCfg = Release|iPhone
		{E32BA39A-B151-4DCD-988C-63D217764CA4}.Release|iPhone.Build.0 = Release|iPhone
		{E32BA39A-B151-4DCD-988C-63D217764CA4}.Release|iPhone.Deploy.0 = Release|iPhone
		{E32BA39A-B151-4DCD-988C-63D217764CA4}.Release|iPhoneSimulator.ActiveCfg = Release|iPhoneSimulator
		{E32BA39A-B151-4DCD-988C-63D217764CA4}.Release|iPhoneSimulator.Build.0 = Release|iPhoneSimulator
		{E32BA39A-B151-4DCD-988C-63D217764CA4}.Release|iPhoneSimulator.Deploy.0 = Release|iPhoneSimulator
		{4C8F8B3C-992A-4D0F-89D5-FD8C242467AE}.Debug|Any CPU.ActiveCfg = Debug|Any CPU
		{4C8F8B3C-992A-4D0F-89D5-FD8C242467AE}.Debug|Any CPU.Build.0 = Debug|Any CPU
		{4C8F8B3C-992A-4D0F-89D5-FD8C242467AE}.Debug|Any CPU.Deploy.0 = Debug|Any CPU
		{4C8F8B3C-992A-4D0F-89D5-FD8C242467AE}.Debug|iPhone.ActiveCfg = Debug|Any CPU
		{4C8F8B3C-992A-4D0F-89D5-FD8C242467AE}.Debug|iPhone.Build.0 = Debug|Any CPU
		{4C8F8B3C-992A-4D0F-89D5-FD8C242467AE}.Debug|iPhone.Deploy.0 = Debug|Any CPU
		{4C8F8B3C-992A-4D0F-89D5-FD8C242467AE}.Debug|iPhoneSimulator.ActiveCfg = Debug|Any CPU
		{4C8F8B3C-992A-4D0F-89D5-FD8C242467AE}.Debug|iPhoneSimulator.Build.0 = Debug|Any CPU
		{4C8F8B3C-992A-4D0F-89D5-FD8C242467AE}.Debug|iPhoneSimulator.Deploy.0 = Debug|Any CPU
		{4C8F8B3C-992A-4D0F-89D5-FD8C242467AE}.Release|Any CPU.ActiveCfg = Release|Any CPU
		{4C8F8B3C-992A-4D0F-89D5-FD8C242467AE}.Release|Any CPU.Build.0 = Release|Any CPU
		{4C8F8B3C-992A-4D0F-89D5-FD8C242467AE}.Release|Any CPU.Deploy.0 = Release|Any CPU
		{4C8F8B3C-992A-4D0F-89D5-FD8C242467AE}.Release|iPhone.ActiveCfg = Release|Any CPU
		{4C8F8B3C-992A-4D0F-89D5-FD8C242467AE}.Release|iPhone.Build.0 = Release|Any CPU
		{4C8F8B3C-992A-4D0F-89D5-FD8C242467AE}.Release|iPhone.Deploy.0 = Release|Any CPU
		{4C8F8B3C-992A-4D0F-89D5-FD8C242467AE}.Release|iPhoneSimulator.ActiveCfg = Release|Any CPU
		{4C8F8B3C-992A-4D0F-89D5-FD8C242467AE}.Release|iPhoneSimulator.Build.0 = Release|Any CPU
		{4C8F8B3C-992A-4D0F-89D5-FD8C242467AE}.Release|iPhoneSimulator.Deploy.0 = Release|Any CPU
	EndGlobalSection
	GlobalSection(SolutionProperties) = preSolution
		HideSolutionNode = FALSE
	EndGlobalSection
	GlobalSection(ExtensibilityGlobals) = postSolution
		SolutionGuid = {72464D24-2630-439F-A507-2F956FBDBCAE}
	EndGlobalSection
EndGlobal
